
Microsoft Visual Studio Solution File, Format Version 12.00
# Visual Studio 2013
VisualStudioVersion = 12.0.30501.0
MinimumVisualStudioVersion = 10.0.40219.1
Project("{F184B08F-C81C-45F6-A57F-5ABD9991F28F}") = "UIWebeKPI", "UIWebeKPI\UIWebeKPI.vbproj", "{7DB581C1-A869-478F-858F-5AE4708A2D64}"
EndProject
Project("{F184B08F-C81C-45F6-A57F-5ABD9991F28F}") = "BOeKPI", "BOeKPI\BOeKPI.vbproj", "{6099E449-97C8-4B82-BADB-96E73DE3E3BE}"
EndProject
Project("{F184B08F-C81C-45F6-A57F-5ABD9991F28F}") = "DAeKPI", "DAeKPI\DAeKPI.vbproj", "{633E84BC-7118-4C05-AD33-3FAC50B88634}"
EndProject
Project("{F184B08F-C81C-45F6-A57F-5ABD9991F28F}") = "DCeKPI", "DCeKPI\DCeKPI.vbproj", "{1FB4C3EA-20E1-454B-AD84-3514CAEA3CCF}"
EndProject
Project("{F184B08F-C81C-45F6-A57F-5ABD9991F28F}") = "UIWebResources", "UIWebResources\UIWebResources.vbproj", "{DC65986D-2A71-40B3-A40C-4F32A02B0009}"
EndProject
Global
	GlobalSection(TeamFoundationVersionControl) = preSolution
		SccNumberOfProjects = 6
		SccEnterpriseProvider = {4CA58AB2-18FA-4F8D-95D4-32DDF27D184C}
		SccTeamFoundationServer = http://foicdt:8080/tfs/myspace
		SccLocalPath0 = .
		SccProjectUniqueName1 = UIWebeKPI\\UIWebeKPI.vbproj
		SccProjectName1 = UIWebeKPI
		SccLocalPath1 = UIWebeKPI
		SccProjectUniqueName2 = BOeKPI\\BOeKPI.vbproj
		SccProjectName2 = BOeKPI
		SccLocalPath2 = BOeKPI
		SccProjectUniqueName3 = DAeKPI\\DAeKPI.vbproj
		SccProjectName3 = DAeKPI
		SccLocalPath3 = DAeKPI
		SccProjectUniqueName4 = DCeKPI\\DCeKPI.vbproj
		SccProjectName4 = DCeKPI
		SccLocalPath4 = DCeKPI
		SccProjectUniqueName5 = UIWebResources\\UIWebResources.vbproj
		SccProjectName5 = UIWebResources
		SccLocalPath5 = UIWebResources
	EndGlobalSection
	GlobalSection(SolutionConfigurationPlatforms) = preSolution
		Debug|Any CPU = Debug|Any CPU
		Debug|Mixed Platforms = Debug|Mixed Platforms
		Debug|x86 = Debug|x86
		Prod|Any CPU = Prod|Any CPU
		Prod|Mixed Platforms = Prod|Mixed Platforms
		Prod|x86 = Prod|x86
		QualifProd|Any CPU = QualifProd|Any CPU
		QualifProd|Mixed Platforms = QualifProd|Mixed Platforms
		QualifProd|x86 = QualifProd|x86
		QualifTest|Any CPU = QualifTest|Any CPU
		QualifTest|Mixed Platforms = QualifTest|Mixed Platforms
		QualifTest|x86 = QualifTest|x86
		Release|Any CPU = Release|Any CPU
		Release|Mixed Platforms = Release|Mixed Platforms
		Release|x86 = Release|x86
	EndGlobalSection
	GlobalSection(ProjectConfigurationPlatforms) = postSolution
		{7DB581C1-A869-478F-858F-5AE4708A2D64}.Debug|Any CPU.ActiveCfg = Debug|Any CPU
		{7DB581C1-A869-478F-858F-5AE4708A2D64}.Debug|Any CPU.Build.0 = Debug|Any CPU
		{7DB581C1-A869-478F-858F-5AE4708A2D64}.Debug|Mixed Platforms.ActiveCfg = Debug|Any CPU
		{7DB581C1-A869-478F-858F-5AE4708A2D64}.Debug|Mixed Platforms.Build.0 = Debug|Any CPU
		{7DB581C1-A869-478F-858F-5AE4708A2D64}.Debug|x86.ActiveCfg = Debug|Any CPU
		{7DB581C1-A869-478F-858F-5AE4708A2D64}.Prod|Any CPU.ActiveCfg = Prod|Any CPU
		{7DB581C1-A869-478F-858F-5AE4708A2D64}.Prod|Any CPU.Build.0 = Prod|Any CPU
		{7DB581C1-A869-478F-858F-5AE4708A2D64}.Prod|Mixed Platforms.ActiveCfg = Prod|Any CPU
		{7DB581C1-A869-478F-858F-5AE4708A2D64}.Prod|x86.ActiveCfg = Prod|Any CPU
		{7DB581C1-A869-478F-858F-5AE4708A2D64}.QualifProd|Any CPU.ActiveCfg = Release|Any CPU
		{7DB581C1-A869-478F-858F-5AE4708A2D64}.QualifProd|Any CPU.Build.0 = Release|Any CPU
		{7DB581C1-A869-478F-858F-5AE4708A2D64}.QualifProd|Mixed Platforms.ActiveCfg = QualifTest|Any CPU
		{7DB581C1-A869-478F-858F-5AE4708A2D64}.QualifProd|x86.ActiveCfg = QualifTest|Any CPU
		{7DB581C1-A869-478F-858F-5AE4708A2D64}.QualifTest|Any CPU.ActiveCfg = QualifTest|Any CPU
		{7DB581C1-A869-478F-858F-5AE4708A2D64}.QualifTest|Any CPU.Build.0 = QualifTest|Any CPU
		{7DB581C1-A869-478F-858F-5AE4708A2D64}.QualifTest|Mixed Platforms.ActiveCfg = QualifTest|Any CPU
		{7DB581C1-A869-478F-858F-5AE4708A2D64}.QualifTest|Mixed Platforms.Build.0 = QualifTest|Any CPU
		{7DB581C1-A869-478F-858F-5AE4708A2D64}.QualifTest|x86.ActiveCfg = QualifTest|Any CPU
		{7DB581C1-A869-478F-858F-5AE4708A2D64}.Release|Any CPU.ActiveCfg = Release|Any CPU
		{7DB581C1-A869-478F-858F-5AE4708A2D64}.Release|Any CPU.Build.0 = Release|Any CPU
		{7DB581C1-A869-478F-858F-5AE4708A2D64}.Release|Mixed Platforms.ActiveCfg = Release|Any CPU
		{7DB581C1-A869-478F-858F-5AE4708A2D64}.Release|x86.ActiveCfg = Release|Any CPU
		{6099E449-97C8-4B82-BADB-96E73DE3E3BE}.Debug|Any CPU.ActiveCfg = Debug|Any CPU
		{6099E449-97C8-4B82-BADB-96E73DE3E3BE}.Debug|Any CPU.Build.0 = Debug|Any CPU
		{6099E449-97C8-4B82-BADB-96E73DE3E3BE}.Debug|Mixed Platforms.ActiveCfg = Debug|Any CPU
		{6099E449-97C8-4B82-BADB-96E73DE3E3BE}.Debug|Mixed Platforms.Build.0 = Debug|Any CPU
		{6099E449-97C8-4B82-BADB-96E73DE3E3BE}.Debug|x86.ActiveCfg = Debug|Any CPU
		{6099E449-97C8-4B82-BADB-96E73DE3E3BE}.Prod|Any CPU.ActiveCfg = Prod|Any CPU
		{6099E449-97C8-4B82-BADB-96E73DE3E3BE}.Prod|Any CPU.Build.0 = Prod|Any CPU
		{6099E449-97C8-4B82-BADB-96E73DE3E3BE}.Prod|Mixed Platforms.ActiveCfg = Prod|Any CPU
		{6099E449-97C8-4B82-BADB-96E73DE3E3BE}.Prod|Mixed Platforms.Build.0 = Prod|Any CPU
		{6099E449-97C8-4B82-BADB-96E73DE3E3BE}.Prod|x86.ActiveCfg = Prod|Any CPU
		{6099E449-97C8-4B82-BADB-96E73DE3E3BE}.QualifProd|Any CPU.ActiveCfg = QualifProd|Any CPU
		{6099E449-97C8-4B82-BADB-96E73DE3E3BE}.QualifProd|Any CPU.Build.0 = QualifProd|Any CPU
		{6099E449-97C8-4B82-BADB-96E73DE3E3BE}.QualifProd|Mixed Platforms.ActiveCfg = QualifProd|Any CPU
		{6099E449-97C8-4B82-BADB-96E73DE3E3BE}.QualifProd|Mixed Platforms.Build.0 = QualifProd|Any CPU
		{6099E449-97C8-4B82-BADB-96E73DE3E3BE}.QualifProd|x86.ActiveCfg = QualifProd|Any CPU
		{6099E449-97C8-4B82-BADB-96E73DE3E3BE}.QualifTest|Any CPU.ActiveCfg = QualifTest|Any CPU
		{6099E449-97C8-4B82-BADB-96E73DE3E3BE}.QualifTest|Any CPU.Build.0 = QualifTest|Any CPU
		{6099E449-97C8-4B82-BADB-96E73DE3E3BE}.QualifTest|Mixed Platforms.ActiveCfg = QualifTest|Any CPU
		{6099E449-97C8-4B82-BADB-96E73DE3E3BE}.QualifTest|Mixed Platforms.Build.0 = QualifTest|Any CPU
		{6099E449-97C8-4B82-BADB-96E73DE3E3BE}.QualifTest|x86.ActiveCfg = QualifTest|Any CPU
		{6099E449-97C8-4B82-BADB-96E73DE3E3BE}.Release|Any CPU.ActiveCfg = Release|Any CPU
		{6099E449-97C8-4B82-BADB-96E73DE3E3BE}.Release|Any CPU.Build.0 = Release|Any CPU
		{6099E449-97C8-4B82-BADB-96E73DE3E3BE}.Release|Mixed Platforms.ActiveCfg = Release|Any CPU
		{6099E449-97C8-4B82-BADB-96E73DE3E3BE}.Release|x86.ActiveCfg = Release|Any CPU
		{633E84BC-7118-4C05-AD33-3FAC50B88634}.Debug|Any CPU.ActiveCfg = Debug|Any CPU
		{633E84BC-7118-4C05-AD33-3FAC50B88634}.Debug|Any CPU.Build.0 = Debug|Any CPU
		{633E84BC-7118-4C05-AD33-3FAC50B88634}.Debug|Mixed Platforms.ActiveCfg = Debug|Any CPU
		{633E84BC-7118-4C05-AD33-3FAC50B88634}.Debug|Mixed Platforms.Build.0 = Debug|Any CPU
		{633E84BC-7118-4C05-AD33-3FAC50B88634}.Debug|x86.ActiveCfg = Debug|Any CPU
		{633E84BC-7118-4C05-AD33-3FAC50B88634}.Prod|Any CPU.ActiveCfg = Prod|Any CPU
		{633E84BC-7118-4C05-AD33-3FAC50B88634}.Prod|Any CPU.Build.0 = Prod|Any CPU
		{633E84BC-7118-4C05-AD33-3FAC50B88634}.Prod|Mixed Platforms.ActiveCfg = Prod|Any CPU
		{633E84BC-7118-4C05-AD33-3FAC50B88634}.Prod|Mixed Platforms.Build.0 = Prod|Any CPU
		{633E84BC-7118-4C05-AD33-3FAC50B88634}.Prod|x86.ActiveCfg = Prod|Any CPU
		{633E84BC-7118-4C05-AD33-3FAC50B88634}.QualifProd|Any CPU.ActiveCfg = QualifProd|Any CPU
		{633E84BC-7118-4C05-AD33-3FAC50B88634}.QualifProd|Any CPU.Build.0 = QualifProd|Any CPU
		{633E84BC-7118-4C05-AD33-3FAC50B88634}.QualifProd|Mixed Platforms.ActiveCfg = QualifProd|Any CPU
		{633E84BC-7118-4C05-AD33-3FAC50B88634}.QualifProd|Mixed Platforms.Build.0 = QualifProd|Any CPU
		{633E84BC-7118-4C05-AD33-3FAC50B88634}.QualifProd|x86.ActiveCfg = QualifProd|Any CPU
		{633E84BC-7118-4C05-AD33-3FAC50B88634}.QualifTest|Any CPU.ActiveCfg = QualifTest|Any CPU
		{633E84BC-7118-4C05-AD33-3FAC50B88634}.QualifTest|Any CPU.Build.0 = QualifTest|Any CPU
		{633E84BC-7118-4C05-AD33-3FAC50B88634}.QualifTest|Mixed Platforms.ActiveCfg = QualifTest|Any CPU
		{633E84BC-7118-4C05-AD33-3FAC50B88634}.QualifTest|Mixed Platforms.Build.0 = QualifTest|Any CPU
		{633E84BC-7118-4C05-AD33-3FAC50B88634}.QualifTest|x86.ActiveCfg = QualifTest|Any CPU
		{633E84BC-7118-4C05-AD33-3FAC50B88634}.Release|Any CPU.ActiveCfg = Release|Any CPU
		{633E84BC-7118-4C05-AD33-3FAC50B88634}.Release|Any CPU.Build.0 = Release|Any CPU
		{633E84BC-7118-4C05-AD33-3FAC50B88634}.Release|Mixed Platforms.ActiveCfg = Release|Any CPU
		{633E84BC-7118-4C05-AD33-3FAC50B88634}.Release|x86.ActiveCfg = Release|Any CPU
		{1FB4C3EA-20E1-454B-AD84-3514CAEA3CCF}.Debug|Any CPU.ActiveCfg = Debug|Any CPU
		{1FB4C3EA-20E1-454B-AD84-3514CAEA3CCF}.Debug|Any CPU.Build.0 = Debug|Any CPU
		{1FB4C3EA-20E1-454B-AD84-3514CAEA3CCF}.Debug|Mixed Platforms.ActiveCfg = Debug|Any CPU
		{1FB4C3EA-20E1-454B-AD84-3514CAEA3CCF}.Debug|Mixed Platforms.Build.0 = Debug|Any CPU
		{1FB4C3EA-20E1-454B-AD84-3514CAEA3CCF}.Debug|x86.ActiveCfg = Debug|Any CPU
		{1FB4C3EA-20E1-454B-AD84-3514CAEA3CCF}.Prod|Any CPU.ActiveCfg = Prod|Any CPU
		{1FB4C3EA-20E1-454B-AD84-3514CAEA3CCF}.Prod|Any CPU.Build.0 = Prod|Any CPU
		{1FB4C3EA-20E1-454B-AD84-3514CAEA3CCF}.Prod|Mixed Platforms.ActiveCfg = Prod|Any CPU
		{1FB4C3EA-20E1-454B-AD84-3514CAEA3CCF}.Prod|Mixed Platforms.Build.0 = Prod|Any CPU
		{1FB4C3EA-20E1-454B-AD84-3514CAEA3CCF}.Prod|x86.ActiveCfg = Prod|Any CPU
		{1FB4C3EA-20E1-454B-AD84-3514CAEA3CCF}.QualifProd|Any CPU.ActiveCfg = QualifProd|Any CPU
		{1FB4C3EA-20E1-454B-AD84-3514CAEA3CCF}.QualifProd|Any CPU.Build.0 = QualifProd|Any CPU
		{1FB4C3EA-20E1-454B-AD84-3514CAEA3CCF}.QualifProd|Mixed Platforms.ActiveCfg = QualifProd|Any CPU
		{1FB4C3EA-20E1-454B-AD84-3514CAEA3CCF}.QualifProd|Mixed Platforms.Build.0 = QualifProd|Any CPU
		{1FB4C3EA-20E1-454B-AD84-3514CAEA3CCF}.QualifProd|x86.ActiveCfg = QualifProd|Any CPU
		{1FB4C3EA-20E1-454B-AD84-3514CAEA3CCF}.QualifTest|Any CPU.ActiveCfg = QualifTest|Any CPU
		{1FB4C3EA-20E1-454B-AD84-3514CAEA3CCF}.QualifTest|Any CPU.Build.0 = QualifTest|Any CPU
		{1FB4C3EA-20E1-454B-AD84-3514CAEA3CCF}.QualifTest|Mixed Platforms.ActiveCfg = QualifTest|Any CPU
		{1FB4C3EA-20E1-454B-AD84-3514CAEA3CCF}.QualifTest|Mixed Platforms.Build.0 = QualifTest|Any CPU
		{1FB4C3EA-20E1-454B-AD84-3514CAEA3CCF}.QualifTest|x86.ActiveCfg = QualifTest|Any CPU
		{1FB4C3EA-20E1-454B-AD84-3514CAEA3CCF}.Release|Any CPU.ActiveCfg = Release|Any CPU
		{1FB4C3EA-20E1-454B-AD84-3514CAEA3CCF}.Release|Any CPU.Build.0 = Release|Any CPU
		{1FB4C3EA-20E1-454B-AD84-3514CAEA3CCF}.Release|Mixed Platforms.ActiveCfg = Release|Any CPU
		{1FB4C3EA-20E1-454B-AD84-3514CAEA3CCF}.Release|Mixed Platforms.Build.0 = Release|Any CPU
		{1FB4C3EA-20E1-454B-AD84-3514CAEA3CCF}.Release|x86.ActiveCfg = Release|Any CPU
		{DC65986D-2A71-40B3-A40C-4F32A02B0009}.Debug|Any CPU.ActiveCfg = Debug|x86
		{DC65986D-2A71-40B3-A40C-4F32A02B0009}.Debug|Mixed Platforms.ActiveCfg = Debug|x86
		{DC65986D-2A71-40B3-A40C-4F32A02B0009}.Debug|Mixed Platforms.Build.0 = Debug|x86
		{DC65986D-2A71-40B3-A40C-4F32A02B0009}.Debug|x86.ActiveCfg = Debug|x86
		{DC65986D-2A71-40B3-A40C-4F32A02B0009}.Debug|x86.Build.0 = Debug|x86
		{DC65986D-2A71-40B3-A40C-4F32A02B0009}.Prod|Any CPU.ActiveCfg = Release|x86
		{DC65986D-2A71-40B3-A40C-4F32A02B0009}.Prod|Mixed Platforms.ActiveCfg = Release|x86
		{DC65986D-2A71-40B3-A40C-4F32A02B0009}.Prod|Mixed Platforms.Build.0 = Release|x86
		{DC65986D-2A71-40B3-A40C-4F32A02B0009}.Prod|x86.ActiveCfg = Release|x86
		{DC65986D-2A71-40B3-A40C-4F32A02B0009}.Prod|x86.Build.0 = Release|x86
		{DC65986D-2A71-40B3-A40C-4F32A02B0009}.QualifProd|Any CPU.ActiveCfg = Release|x86
		{DC65986D-2A71-40B3-A40C-4F32A02B0009}.QualifProd|Mixed Platforms.ActiveCfg = Release|x86
		{DC65986D-2A71-40B3-A40C-4F32A02B0009}.QualifProd|Mixed Platforms.Build.0 = Release|x86
		{DC65986D-2A71-40B3-A40C-4F32A02B0009}.QualifProd|x86.ActiveCfg = Release|x86
		{DC65986D-2A71-40B3-A40C-4F32A02B0009}.QualifProd|x86.Build.0 = Release|x86
		{DC65986D-2A71-40B3-A40C-4F32A02B0009}.QualifTest|Any CPU.ActiveCfg = Release|x86
		{DC65986D-2A71-40B3-A40C-4F32A02B0009}.QualifTest|Mixed Platforms.ActiveCfg = Release|x86
		{DC65986D-2A71-40B3-A40C-4F32A02B0009}.QualifTest|Mixed Platforms.Build.0 = Release|x86
		{DC65986D-2A71-40B3-A40C-4F32A02B0009}.QualifTest|x86.ActiveCfg = Release|x86
		{DC65986D-2A71-40B3-A40C-4F32A02B0009}.QualifTest|x86.Build.0 = Release|x86
		{DC65986D-2A71-40B3-A40C-4F32A02B0009}.Release|Any CPU.ActiveCfg = Release|x86
		{DC65986D-2A71-40B3-A40C-4F32A02B0009}.Release|Mixed Platforms.ActiveCfg = Release|x86
		{DC65986D-2A71-40B3-A40C-4F32A02B0009}.Release|Mixed Platforms.Build.0 = Release|x86
		{DC65986D-2A71-40B3-A40C-4F32A02B0009}.Release|x86.ActiveCfg = Release|x86
		{DC65986D-2A71-40B3-A40C-4F32A02B0009}.Release|x86.Build.0 = Release|x86
	EndGlobalSection
	GlobalSection(SolutionProperties) = preSolution
		HideSolutionNode = FALSE
	EndGlobalSection
EndGlobal
